// !$*UTF8*$!
{
	archiveVersion = 1;
	classes = {
	};
	objectVersion = 46;
	objects = {

/* Begin PBXBuildFile section */
		12E48FFC1BDA7ADB00C07FCD /* main.m in Sources */ = {isa = PBXBuildFile; fileRef = 12E48FFB1BDA7ADB00C07FCD /* main.m */; };
		12E48FFF1BDA7ADB00C07FCD /* AppDelegate.m in Sources */ = {isa = PBXBuildFile; fileRef = 12E48FFE1BDA7ADB00C07FCD /* AppDelegate.m */; };
		12E490021BDA7ADB00C07FCD /* Person_com.xcdatamodeld in Sources */ = {isa = PBXBuildFile; fileRef = 12E490001BDA7ADB00C07FCD /* Person_com.xcdatamodeld */; };
		12E490051BDA7ADB00C07FCD /* ViewController.m in Sources */ = {isa = PBXBuildFile; fileRef = 12E490041BDA7ADB00C07FCD /* ViewController.m */; };
		12E490081BDA7ADB00C07FCD /* Main.storyboard in Resources */ = {isa = PBXBuildFile; fileRef = 12E490061BDA7ADB00C07FCD /* Main.storyboard */; };
		12E4900A1BDA7ADB00C07FCD /* Images.xcassets in Resources */ = {isa = PBXBuildFile; fileRef = 12E490091BDA7ADB00C07FCD /* Images.xcassets */; };
		12E4900D1BDA7ADB00C07FCD /* LaunchScreen.xib in Resources */ = {isa = PBXBuildFile; fileRef = 12E4900B1BDA7ADB00C07FCD /* LaunchScreen.xib */; };
		12E490191BDA7ADB00C07FCD /* Person_comTests.m in Sources */ = {isa = PBXBuildFile; fileRef = 12E490181BDA7ADB00C07FCD /* Person_comTests.m */; };
		12E490231BDA7E7E00C07FCD /* loader.gif in Resources */ = {isa = PBXBuildFile; fileRef = 12E490221BDA7E7E00C07FCD /* loader.gif */; };
		12E4902F1BDA810C00C07FCD /* person.ttf in Resources */ = {isa = PBXBuildFile; fileRef = 12E490241BDA801100C07FCD /* person.ttf */; };
		12E490301BDA810C00C07FCD /* OpenSans-Bold.ttf in Resources */ = {isa = PBXBuildFile; fileRef = 12E490251BDA801100C07FCD /* OpenSans-Bold.ttf */; };
		12E490311BDA810C00C07FCD /* OpenSans-BoldItalic.ttf in Resources */ = {isa = PBXBuildFile; fileRef = 12E490261BDA801100C07FCD /* OpenSans-BoldItalic.ttf */; };
		12E490321BDA810C00C07FCD /* OpenSans-ExtraBold.ttf in Resources */ = {isa = PBXBuildFile; fileRef = 12E490271BDA801100C07FCD /* OpenSans-ExtraBold.ttf */; };
		12E490331BDA810C00C07FCD /* OpenSans-ExtraBoldItalic.ttf in Resources */ = {isa = PBXBuildFile; fileRef = 12E490281BDA801100C07FCD /* OpenSans-ExtraBoldItalic.ttf */; };
		12E490341BDA810C00C07FCD /* OpenSans-Italic.ttf in Resources */ = {isa = PBXBuildFile; fileRef = 12E490291BDA801100C07FCD /* OpenSans-Italic.ttf */; };
		12E490351BDA810C00C07FCD /* OpenSans-Light.ttf in Resources */ = {isa = PBXBuildFile; fileRef = 12E4902A1BDA801100C07FCD /* OpenSans-Light.ttf */; };
		12E490361BDA810C00C07FCD /* OpenSans-LightItalic.ttf in Resources */ = {isa = PBXBuildFile; fileRef = 12E4902B1BDA801100C07FCD /* OpenSans-LightItalic.ttf */; };
		12E490371BDA810C00C07FCD /* OpenSans-Regular.ttf in Resources */ = {isa = PBXBuildFile; fileRef = 12E4902C1BDA801100C07FCD /* OpenSans-Regular.ttf */; };
		12E490381BDA810C00C07FCD /* OpenSans-Semibold.ttf in Resources */ = {isa = PBXBuildFile; fileRef = 12E4902D1BDA801100C07FCD /* OpenSans-Semibold.ttf */; };
		12E490391BDA810C00C07FCD /* OpenSans-SemiboldItalic.ttf in Resources */ = {isa = PBXBuildFile; fileRef = 12E4902E1BDA801100C07FCD /* OpenSans-SemiboldItalic.ttf */; };
		12E4903C1BDA84EE00C07FCD /* PersonWebViewController.m in Sources */ = {isa = PBXBuildFile; fileRef = 12E4903B1BDA84EE00C07FCD /* PersonWebViewController.m */; };
/* End PBXBuildFile section */

/* Begin PBXContainerItemProxy section */
		12E490131BDA7ADB00C07FCD /* PBXContainerItemProxy */ = {
			isa = PBXContainerItemProxy;
			containerPortal = 12E48FEE1BDA7ADB00C07FCD /* Project object */;
			proxyType = 1;
			remoteGlobalIDString = 12E48FF51BDA7ADB00C07FCD;
			remoteInfo = Person.com;
		};
/* End PBXContainerItemProxy section */

/* Begin PBXFileReference section */
		12E48FF61BDA7ADB00C07FCD /* Person.com.app */ = {isa = PBXFileReference; explicitFileType = wrapper.application; includeInIndex = 0; path = Person.com.app; sourceTree = BUILT_PRODUCTS_DIR; };
		12E48FFA1BDA7ADB00C07FCD /* Info.plist */ = {isa = PBXFileReference; lastKnownFileType = text.plist.xml; path = Info.plist; sourceTree = "<group>"; };
		12E48FFB1BDA7ADB00C07FCD /* main.m */ = {isa = PBXFileReference; lastKnownFileType = sourcecode.c.objc; path = main.m; sourceTree = "<group>"; };
		12E48FFD1BDA7ADB00C07FCD /* AppDelegate.h */ = {isa = PBXFileReference; lastKnownFileType = sourcecode.c.h; path = AppDelegate.h; sourceTree = "<group>"; };
		12E48FFE1BDA7ADB00C07FCD /* AppDelegate.m */ = {isa = PBXFileReference; lastKnownFileType = sourcecode.c.objc; path = AppDelegate.m; sourceTree = "<group>"; };
		12E490011BDA7ADB00C07FCD /* Person_com.xcdatamodel */ = {isa = PBXFileReference; lastKnownFileType = wrapper.xcdatamodel; path = Person_com.xcdatamodel; sourceTree = "<group>"; };
		12E490031BDA7ADB00C07FCD /* ViewController.h */ = {isa = PBXFileReference; lastKnownFileType = sourcecode.c.h; path = ViewController.h; sourceTree = "<group>"; };
		12E490041BDA7ADB00C07FCD /* ViewController.m */ = {isa = PBXFileReference; lastKnownFileType = sourcecode.c.objc; path = ViewController.m; sourceTree = "<group>"; };
		12E490071BDA7ADB00C07FCD /* Base */ = {isa = PBXFileReference; lastKnownFileType = file.storyboard; name = Base; path = Base.lproj/Main.storyboard; sourceTree = "<group>"; };
		12E490091BDA7ADB00C07FCD /* Images.xcassets */ = {isa = PBXFileReference; lastKnownFileType = folder.assetcatalog; path = Images.xcassets; sourceTree = "<group>"; };
		12E4900C1BDA7ADB00C07FCD /* Base */ = {isa = PBXFileReference; lastKnownFileType = file.xib; name = Base; path = Base.lproj/LaunchScreen.xib; sourceTree = "<group>"; };
		12E490121BDA7ADB00C07FCD /* Person.comTests.xctest */ = {isa = PBXFileReference; explicitFileType = wrapper.cfbundle; includeInIndex = 0; path = Person.comTests.xctest; sourceTree = BUILT_PRODUCTS_DIR; };
		12E490171BDA7ADB00C07FCD /* Info.plist */ = {isa = PBXFileReference; lastKnownFileType = text.plist.xml; path = Info.plist; sourceTree = "<group>"; };
		12E490181BDA7ADB00C07FCD /* Person_comTests.m */ = {isa = PBXFileReference; lastKnownFileType = sourcecode.c.objc; path = Person_comTests.m; sourceTree = "<group>"; };
		12E490221BDA7E7E00C07FCD /* loader.gif */ = {isa = PBXFileReference; lastKnownFileType = image.gif; path = loader.gif; sourceTree = "<group>"; };
		12E490241BDA801100C07FCD /* person.ttf */ = {isa = PBXFileReference; lastKnownFileType = file; path = person.ttf; sourceTree = "<group>"; };
		12E490251BDA801100C07FCD /* OpenSans-Bold.ttf */ = {isa = PBXFileReference; lastKnownFileType = file; path = "OpenSans-Bold.ttf"; sourceTree = "<group>"; };
		12E490261BDA801100C07FCD /* OpenSans-BoldItalic.ttf */ = {isa = PBXFileReference; lastKnownFileType = file; path = "OpenSans-BoldItalic.ttf"; sourceTree = "<group>"; };
		12E490271BDA801100C07FCD /* OpenSans-ExtraBold.ttf */ = {isa = PBXFileReference; lastKnownFileType = file; path = "OpenSans-ExtraBold.ttf"; sourceTree = "<group>"; };
		12E490281BDA801100C07FCD /* OpenSans-ExtraBoldItalic.ttf */ = {isa = PBXFileReference; lastKnownFileType = file; path = "OpenSans-ExtraBoldItalic.ttf"; sourceTree = "<group>"; };
		12E490291BDA801100C07FCD /* OpenSans-Italic.ttf */ = {isa = PBXFileReference; lastKnownFileType = file; path = "OpenSans-Italic.ttf"; sourceTree = "<group>"; };
		12E4902A1BDA801100C07FCD /* OpenSans-Light.ttf */ = {isa = PBXFileReference; lastKnownFileType = file; path = "OpenSans-Light.ttf"; sourceTree = "<group>"; };
		12E4902B1BDA801100C07FCD /* OpenSans-LightItalic.ttf */ = {isa = PBXFileReference; lastKnownFileType = file; path = "OpenSans-LightItalic.ttf"; sourceTree = "<group>"; };
		12E4902C1BDA801100C07FCD /* OpenSans-Regular.ttf */ = {isa = PBXFileReference; lastKnownFileType = file; path = "OpenSans-Regular.ttf"; sourceTree = "<group>"; };
		12E4902D1BDA801100C07FCD /* OpenSans-Semibold.ttf */ = {isa = PBXFileReference; lastKnownFileType = file; path = "OpenSans-Semibold.ttf"; sourceTree = "<group>"; };
		12E4902E1BDA801100C07FCD /* OpenSans-SemiboldItalic.ttf */ = {isa = PBXFileReference; lastKnownFileType = file; path = "OpenSans-SemiboldItalic.ttf"; sourceTree = "<group>"; };
		12E4903A1BDA84EE00C07FCD /* PersonWebViewController.h */ = {isa = PBXFileReference; fileEncoding = 4; lastKnownFileType = sourcecode.c.h; path = PersonWebViewController.h; sourceTree = "<group>"; };
		12E4903B1BDA84EE00C07FCD /* PersonWebViewController.m */ = {isa = PBXFileReference; fileEncoding = 4; lastKnownFileType = sourcecode.c.objc; path = PersonWebViewController.m; sourceTree = "<group>"; };
/* End PBXFileReference section */

/* Begin PBXFrameworksBuildPhase section */
		12E48FF31BDA7ADB00C07FCD /* Frameworks */ = {
			isa = PBXFrameworksBuildPhase;
			buildActionMask = 2147483647;
			files = (
			);
			runOnlyForDeploymentPostprocessing = 0;
		};
		12E4900F1BDA7ADB00C07FCD /* Frameworks */ = {
			isa = PBXFrameworksBuildPhase;
			buildActionMask = 2147483647;
			files = (
			);
			runOnlyForDeploymentPostprocessing = 0;
		};
/* End PBXFrameworksBuildPhase section */

/* Begin PBXGroup section */
		12E48FED1BDA7ADB00C07FCD = {
			isa = PBXGroup;
			children = (
				12E48FF81BDA7ADB00C07FCD /* Person.com */,
				12E490151BDA7ADB00C07FCD /* Person.comTests */,
				12E48FF71BDA7ADB00C07FCD /* Products */,
			);
			sourceTree = "<group>";
		};
		12E48FF71BDA7ADB00C07FCD /* Products */ = {
			isa = PBXGroup;
			children = (
				12E48FF61BDA7ADB00C07FCD /* Person.com.app */,
				12E490121BDA7ADB00C07FCD /* Person.comTests.xctest */,
			);
			name = Products;
			sourceTree = "<group>";
		};
		12E48FF81BDA7ADB00C07FCD /* Person.com */ = {
			isa = PBXGroup;
			children = (
				12E48FFD1BDA7ADB00C07FCD /* AppDelegate.h */,
				12E490221BDA7E7E00C07FCD /* loader.gif */,
				12E48FFE1BDA7ADB00C07FCD /* AppDelegate.m */,
				12E490031BDA7ADB00C07FCD /* ViewController.h */,
				12E490041BDA7ADB00C07FCD /* ViewController.m */,
				12E4903A1BDA84EE00C07FCD /* PersonWebViewController.h */,
				12E4903B1BDA84EE00C07FCD /* PersonWebViewController.m */,
				12E490061BDA7ADB00C07FCD /* Main.storyboard */,
				12E490091BDA7ADB00C07FCD /* Images.xcassets */,
				12E4900B1BDA7ADB00C07FCD /* LaunchScreen.xib */,
				12E490001BDA7ADB00C07FCD /* Person_com.xcdatamodeld */,
				12E48FF91BDA7ADB00C07FCD /* Supporting Files */,
			);
			path = Person.com;
			sourceTree = "<group>";
		};
		12E48FF91BDA7ADB00C07FCD /* Supporting Files */ = {
			isa = PBXGroup;
			children = (
				12E490241BDA801100C07FCD /* person.ttf */,
				12E490251BDA801100C07FCD /* OpenSans-Bold.ttf */,
				12E490261BDA801100C07FCD /* OpenSans-BoldItalic.ttf */,
				12E490271BDA801100C07FCD /* OpenSans-ExtraBold.ttf */,
				12E490281BDA801100C07FCD /* OpenSans-ExtraBoldItalic.ttf */,
				12E490291BDA801100C07FCD /* OpenSans-Italic.ttf */,
				12E4902A1BDA801100C07FCD /* OpenSans-Light.ttf */,
				12E4902B1BDA801100C07FCD /* OpenSans-LightItalic.ttf */,
				12E4902C1BDA801100C07FCD /* OpenSans-Regular.ttf */,
				12E4902D1BDA801100C07FCD /* OpenSans-Semibold.ttf */,
				12E4902E1BDA801100C07FCD /* OpenSans-SemiboldItalic.ttf */,
				12E48FFA1BDA7ADB00C07FCD /* Info.plist */,
				12E48FFB1BDA7ADB00C07FCD /* main.m */,
			);
			name = "Supporting Files";
			sourceTree = "<group>";
		};
		12E490151BDA7ADB00C07FCD /* Person.comTests */ = {
			isa = PBXGroup;
			children = (
				12E490181BDA7ADB00C07FCD /* Person_comTests.m */,
				12E490161BDA7ADB00C07FCD /* Supporting Files */,
			);
			path = Person.comTests;
			sourceTree = "<group>";
		};
		12E490161BDA7ADB00C07FCD /* Supporting Files */ = {
			isa = PBXGroup;
			children = (
				12E490171BDA7ADB00C07FCD /* Info.plist */,
			);
			name = "Supporting Files";
			sourceTree = "<group>";
		};
/* End PBXGroup section */

/* Begin PBXNativeTarget section */
		12E48FF51BDA7ADB00C07FCD /* Person.com */ = {
			isa = PBXNativeTarget;
			buildConfigurationList = 12E4901C1BDA7ADB00C07FCD /* Build configuration list for PBXNativeTarget "Person.com" */;
			buildPhases = (
				12E48FF21BDA7ADB00C07FCD /* Sources */,
				12E48FF31BDA7ADB00C07FCD /* Frameworks */,
				12E48FF41BDA7ADB00C07FCD /* Resources */,
			);
			buildRules = (
			);
			dependencies = (
			);
			name = Person.com;
			productName = Person.com;
			productReference = 12E48FF61BDA7ADB00C07FCD /* Person.com.app */;
			productType = "com.apple.product-type.application";
		};
		12E490111BDA7ADB00C07FCD /* Person.comTests */ = {
			isa = PBXNativeTarget;
			buildConfigurationList = 12E4901F1BDA7ADB00C07FCD /* Build configuration list for PBXNativeTarget "Person.comTests" */;
			buildPhases = (
				12E4900E1BDA7ADB00C07FCD /* Sources */,
				12E4900F1BDA7ADB00C07FCD /* Frameworks */,
				12E490101BDA7ADB00C07FCD /* Resources */,
			);
			buildRules = (
			);
			dependencies = (
				12E490141BDA7ADB00C07FCD /* PBXTargetDependency */,
			);
			name = Person.comTests;
			productName = Person.comTests;
			productReference = 12E490121BDA7ADB00C07FCD /* Person.comTests.xctest */;
			productType = "com.apple.product-type.bundle.unit-test";
		};
/* End PBXNativeTarget section */

/* Begin PBXProject section */
		12E48FEE1BDA7ADB00C07FCD /* Project object */ = {
			isa = PBXProject;
			attributes = {
				LastUpgradeCheck = 0640;
				ORGANIZATIONNAME = "Emerge Media";
				TargetAttributes = {
					12E48FF51BDA7ADB00C07FCD = {
						CreatedOnToolsVersion = 6.4;
						DevelopmentTeam = XQ53UCH2B2;
					};
					12E490111BDA7ADB00C07FCD = {
						CreatedOnToolsVersion = 6.4;
						TestTargetID = 12E48FF51BDA7ADB00C07FCD;
					};
				};
			};
			buildConfigurationList = 12E48FF11BDA7ADB00C07FCD /* Build configuration list for PBXProject "Person.com" */;
			compatibilityVersion = "Xcode 3.2";
			developmentRegion = English;
			hasScannedForEncodings = 0;
			knownRegions = (
				en,
				Base,
			);
			mainGroup = 12E48FED1BDA7ADB00C07FCD;
			productRefGroup = 12E48FF71BDA7ADB00C07FCD /* Products */;
			projectDirPath = "";
			projectRoot = "";
			targets = (
				12E48FF51BDA7ADB00C07FCD /* Person.com */,
				12E490111BDA7ADB00C07FCD /* Person.comTests */,
			);
		};
/* End PBXProject section */

/* Begin PBXResourcesBuildPhase section */
		12E48FF41BDA7ADB00C07FCD /* Resources */ = {
			isa = PBXResourcesBuildPhase;
			buildActionMask = 2147483647;
			files = (
				12E4902F1BDA810C00C07FCD /* person.ttf in Resources */,
				12E490301BDA810C00C07FCD /* OpenSans-Bold.ttf in Resources */,
				12E490311BDA810C00C07FCD /* OpenSans-BoldItalic.ttf in Resources */,
				12E490321BDA810C00C07FCD /* OpenSans-ExtraBold.ttf in Resources */,
				12E490331BDA810C00C07FCD /* OpenSans-ExtraBoldItalic.ttf in Resources */,
				12E490341BDA810C00C07FCD /* OpenSans-Italic.ttf in Resources */,
				12E490351BDA810C00C07FCD /* OpenSans-Light.ttf in Resources */,
				12E490361BDA810C00C07FCD /* OpenSans-LightItalic.ttf in Resources */,
				12E490371BDA810C00C07FCD /* OpenSans-Regular.ttf in Resources */,
				12E490381BDA810C00C07FCD /* OpenSans-Semibold.ttf in Resources */,
				12E490391BDA810C00C07FCD /* OpenSans-SemiboldItalic.ttf in Resources */,
				12E490081BDA7ADB00C07FCD /* Main.storyboard in Resources */,
				12E490231BDA7E7E00C07FCD /* loader.gif in Resources */,
				12E4900D1BDA7ADB00C07FCD /* LaunchScreen.xib in Resources */,
				12E4900A1BDA7ADB00C07FCD /* Images.xcassets in Resources */,
			);
			runOnlyForDeploymentPostprocessing = 0;
		};
		12E490101BDA7ADB00C07FCD /* Resources */ = {
			isa = PBXResourcesBuildPhase;
			buildActionMask = 2147483647;
			files = (
			);
			runOnlyForDeploymentPostprocessing = 0;
		};
/* End PBXResourcesBuildPhase section */

/* Begin PBXSourcesBuildPhase section */
		12E48FF21BDA7ADB00C07FCD /* Sources */ = {
			isa = PBXSourcesBuildPhase;
			buildActionMask = 2147483647;
			files = (
				12E490021BDA7ADB00C07FCD /* Person_com.xcdatamodeld in Sources */,
				12E48FFF1BDA7ADB00C07FCD /* AppDelegate.m in Sources */,
				12E490051BDA7ADB00C07FCD /* ViewController.m in Sources */,
				12E48FFC1BDA7ADB00C07FCD /* main.m in Sources */,
				12E4903C1BDA84EE00C07FCD /* PersonWebViewController.m in Sources */,
			);
			runOnlyForDeploymentPostprocessing = 0;
		};
		12E4900E1BDA7ADB00C07FCD /* Sources */ = {
			isa = PBXSourcesBuildPhase;
			buildActionMask = 2147483647;
			files = (
				12E490191BDA7ADB00C07FCD /* Person_comTests.m in Sources */,
			);
			runOnlyForDeploymentPostprocessing = 0;
		};
/* End PBXSourcesBuildPhase section */

/* Begin PBXTargetDependency section */
		12E490141BDA7ADB00C07FCD /* PBXTargetDependency */ = {
			isa = PBXTargetDependency;
			target = 12E48FF51BDA7ADB00C07FCD /* Person.com */;
			targetProxy = 12E490131BDA7ADB00C07FCD /* PBXContainerItemProxy */;
		};
/* End PBXTargetDependency section */

/* Begin PBXVariantGroup section */
		12E490061BDA7ADB00C07FCD /* Main.storyboard */ = {
			isa = PBXVariantGroup;
			children = (
				12E490071BDA7ADB00C07FCD /* Base */,
			);
			name = Main.storyboard;
			sourceTree = "<group>";
		};
		12E4900B1BDA7ADB00C07FCD /* LaunchScreen.xib */ = {
			isa = PBXVariantGroup;
			children = (
				12E4900C1BDA7ADB00C07FCD /* Base */,
			);
			name = LaunchScreen.xib;
			sourceTree = "<group>";
		};
/* End PBXVariantGroup section */

/* Begin XCBuildConfiguration section */
		12E4901A1BDA7ADB00C07FCD /* Debug */ = {
			isa = XCBuildConfiguration;
			buildSettings = {
				ALWAYS_SEARCH_USER_PATHS = NO;
				CLANG_CXX_LANGUAGE_STANDARD = "gnu++0x";
				CLANG_CXX_LIBRARY = "libc++";
				CLANG_ENABLE_MODULES = YES;
				CLANG_ENABLE_OBJC_ARC = YES;
				CLANG_WARN_BOOL_CONVERSION = YES;
				CLANG_WARN_CONSTANT_CONVERSION = YES;
				CLANG_WARN_DIRECT_OBJC_ISA_USAGE = YES_ERROR;
				CLANG_WARN_EMPTY_BODY = YES;
				CLANG_WARN_ENUM_CONVERSION = YES;
				CLANG_WARN_INT_CONVERSION = YES;
				CLANG_WARN_OBJC_ROOT_CLASS = YES_ERROR;
				CLANG_WARN_UNREACHABLE_CODE = YES;
				CLANG_WARN__DUPLICATE_METHOD_MATCH = YES;
				"CODE_SIGN_IDENTITY[sdk=iphoneos*]" = "iPhone Developer";
				COPY_PHASE_STRIP = NO;
				DEBUG_INFORMATION_FORMAT = "dwarf-with-dsym";
				ENABLE_STRICT_OBJC_MSGSEND = YES;
				GCC_C_LANGUAGE_STANDARD = gnu99;
				GCC_DYNAMIC_NO_PIC = NO;
				GCC_NO_COMMON_BLOCKS = YES;
				GCC_OPTIMIZATION_LEVEL = 0;
				GCC_PREPROCESSOR_DEFINITIONS = (
					"DEBUG=1",
					"$(inherited)",
				);
				GCC_SYMBOLS_PRIVATE_EXTERN = NO;
				GCC_WARN_64_TO_32_BIT_CONVERSION = YES;
				GCC_WARN_ABOUT_RETURN_TYPE = YES_ERROR;
				GCC_WARN_UNDECLARED_SELECTOR = YES;
				GCC_WARN_UNINITIALIZED_AUTOS = YES_AGGRESSIVE;
				GCC_WARN_UNUSED_FUNCTION = YES;
				GCC_WARN_UNUSED_VARIABLE = YES;
				IPHONEOS_DEPLOYMENT_TARGET = 8.4;
				MTL_ENABLE_DEBUG_INFO = YES;
				ONLY_ACTIVE_ARCH = YES;
				SDKROOT = iphoneos;
				TARGETED_DEVICE_FAMILY = "1,2";
			};
			name = Debug;
		};
		12E4901B1BDA7ADB00C07FCD /* Release */ = {
			isa = XCBuildConfiguration;
			buildSettings = {
				ALWAYS_SEARCH_USER_PATHS = NO;
				CLANG_CXX_LANGUAGE_STANDARD = "gnu++0x";
				CLANG_CXX_LIBRARY = "libc++";
				CLANG_ENABLE_MODULES = YES;
				CLANG_ENABLE_OBJC_ARC = YES;
				CLANG_WARN_BOOL_CONVERSION = YES;
				CLANG_WARN_CONSTANT_CONVERSION = YES;
				CLANG_WARN_DIRECT_OBJC_ISA_USAGE = YES_ERROR;
				CLANG_WARN_EMPTY_BODY = YES;
				CLANG_WARN_ENUM_CONVERSION = YES;
				CLANG_WARN_INT_CONVERSION = YES;
				CLANG_WARN_OBJC_ROOT_CLASS = YES_ERROR;
				CLANG_WARN_UNREACHABLE_CODE = YES;
				CLANG_WARN__DUPLICATE_METHOD_MATCH = YES;
				"CODE_SIGN_IDENTITY[sdk=iphoneos*]" = "iPhone Developer";
				COPY_PHASE_STRIP = NO;
				DEBUG_INFORMATION_FORMAT = "dwarf-with-dsym";
				ENABLE_NS_ASSERTIONS = NO;
				ENABLE_STRICT_OBJC_MSGSEND = YES;
				GCC_C_LANGUAGE_STANDARD = gnu99;
				GCC_NO_COMMON_BLOCKS = YES;
				GCC_WARN_64_TO_32_BIT_CONVERSION = YES;
				GCC_WARN_ABOUT_RETURN_TYPE = YES_ERROR;
				GCC_WARN_UNDECLARED_SELECTOR = YES;
				GCC_WARN_UNINITIALIZED_AUTOS = YES_AGGRESSIVE;
				GCC_WARN_UNUSED_FUNCTION = YES;
				GCC_WARN_UNUSED_VARIABLE = YES;
				IPHONEOS_DEPLOYMENT_TARGET = 8.4;
				MTL_ENABLE_DEBUG_INFO = NO;
				SDKROOT = iphoneos;
				TARGETED_DEVICE_FAMILY = "1,2";
				VALIDATE_PRODUCT = YES;
			};
			name = Release;
		};
		12E4901D1BDA7ADB00C07FCD /* Debug */ = {
			isa = XCBuildConfiguration;
			buildSettings = {
				ASSETCATALOG_COMPILER_APPICON_NAME = AppIcon;
				CODE_SIGN_IDENTITY = "iPhone Developer";
				INFOPLIST_FILE = Person.com/Info.plist;
				LD_RUNPATH_SEARCH_PATHS = "$(inherited) @executable_path/Frameworks";
				PRODUCT_NAME = "$(TARGET_NAME)";
			};
			name = Debug;
		};
		12E4901E1BDA7ADB00C07FCD /* Release */ = {
			isa = XCBuildConfiguration;
			buildSettings = {
				ASSETCATALOG_COMPILER_APPICON_NAME = AppIcon;
				CODE_SIGN_IDENTITY = "iPhone Developer";
				INFOPLIST_FILE = Person.com/Info.plist;
				LD_RUNPATH_SEARCH_PATHS = "$(inherited) @executable_path/Frameworks";
				PRODUCT_NAME = "$(TARGET_NAME)";
			};
			name = Release;
		};
		12E490201BDA7ADB00C07FCD /* Debug */ = {
			isa = XCBuildConfiguration;
			buildSettings = {
				BUNDLE_LOADER = "$(TEST_HOST)";
				FRAMEWORK_SEARCH_PATHS = (
					"$(SDKROOT)/Developer/Library/Frameworks",
					"$(inherited)",
				);
				GCC_PREPROCESSOR_DEFINITIONS = (
					"DEBUG=1",
					"$(inherited)",
				);
				INFOPLIST_FILE = Person.comTests/Info.plist;
				LD_RUNPATH_SEARCH_PATHS = "$(inherited) @executable_path/Frameworks @loader_path/Frameworks";
				PRODUCT_NAME = "$(TARGET_NAME)";
				TEST_HOST = "$(BUILT_PRODUCTS_DIR)/Person.com.app/Person.com";
			};
			name = Debug;
		};
		12E490211BDA7ADB00C07FCD /* Release */ = {
			isa = XCBuildConfiguration;
			buildSettings = {
				BUNDLE_LOADER = "$(TEST_HOST)";
				FRAMEWORK_SEARCH_PATHS = (
					"$(SDKROOT)/Developer/Library/Frameworks",
					"$(inherited)",
				);
				INFOPLIST_FILE = Person.comTests/Info.plist;
				LD_RUNPATH_SEARCH_PATHS = "$(inherited) @executable_path/Frameworks @loader_path/Frameworks";
				PRODUCT_NAME = "$(TARGET_NAME)";
				TEST_HOST = "$(BUILT_PRODUCTS_DIR)/Person.com.app/Person.com";
			};
			name = Release;
		};
/* End XCBuildConfiguration section */

/* Begin XCConfigurationList section */
		12E48FF11BDA7ADB00C07FCD /* Build configuration list for PBXProject "Person.com" */ = {
			isa = XCConfigurationList;
			buildConfigurations = (
				12E4901A1BDA7ADB00C07FCD /* Debug */,
				12E4901B1BDA7ADB00C07FCD /* Release */,
			);
			defaultConfigurationIsVisible = 0;
			defaultConfigurationName = Release;
		};
		12E4901C1BDA7ADB00C07FCD /* Build configuration list for PBXNativeTarget "Person.com" */ = {
			isa = XCConfigurationList;
			buildConfigurations = (
				12E4901D1BDA7ADB00C07FCD /* Debug */,
				12E4901E1BDA7ADB00C07FCD /* Release */,
			);
			defaultConfigurationIsVisible = 0;
		};
		12E4901F1BDA7ADB00C07FCD /* Build configuration list for PBXNativeTarget "Person.comTests" */ = {
			isa = XCConfigurationList;
			buildConfigurations = (
				12E490201BDA7ADB00C07FCD /* Debug */,
				12E490211BDA7ADB00C07FCD /* Release */,
			);
			defaultConfigurationIsVisible = 0;
		};
/* End XCConfigurationList section */

/* Begin XCVersionGroup section */
		12E490001BDA7ADB00C07FCD /* Person_com.xcdatamodeld */ = {
			isa = XCVersionGroup;
			children = (
				12E490011BDA7ADB00C07FCD /* Person_com.xcdatamodel */,
			);
			currentVersion = 12E490011BDA7ADB00C07FCD /* Person_com.xcdatamodel */;
			path = Person_com.xcdatamodeld;
			sourceTree = "<group>";
			versionGroupType = wrapper.xcdatamodel;
		};
/* End XCVersionGroup section */
	};
	rootObject = 12E48FEE1BDA7ADB00C07FCD /* Project object */;
}
